
Microsoft Visual Studio Solution File, Format Version 12.00
# Visual Studio Version 17
VisualStudioVersion = 17.9.34723.18
MinimumVisualStudioVersion = 10.0.40219.1
Project("{FAE04EC0-301F-11D3-BF4B-00C04F79EFBC}") = "Student.Api", "Student.Api\Student.Api.csproj", "{2D09CF98-2DEB-4B6C-B8BC-963406447148}"
EndProject
Global
	GlobalSection(SolutionConfigurationPlatforms) = preSolution
		Debug|Any CPU = Debug|Any CPU
		Release|Any CPU = Release|Any CPU
	EndGlobalSection
	GlobalSection(ProjectConfigurationPlatforms) = postSolution
		{2D09CF98-2DEB-4B6C-B8BC-963406447148}.Debug|Any CPU.ActiveCfg = Debug|Any CPU
		{2D09CF98-2DEB-4B6C-B8BC-963406447148}.Debug|Any CPU.Build.0 = Debug|Any CPU
		{2D09CF98-2DEB-4B6C-B8BC-963406447148}.Release|Any CPU.ActiveCfg = Release|Any CPU
		{2D09CF98-2DEB-4B6C-B8BC-963406447148}.Release|Any CPU.Build.0 = Release|Any CPU
	EndGlobalSection
	GlobalSection(SolutionProperties) = preSolution
		HideSolutionNode = FALSE
	EndGlobalSection
	GlobalSection(ExtensibilityGlobals) = postSolution
		SolutionGuid = {42DA90B0-5F01-4242-A4DA-8EEDC925F7A7}
	EndGlobalSection
EndGlobal
